// !$*UTF8*$!
{
	archiveVersion = 1;
	classes = {
	};
	objectVersion = 55;
	objects = {

/* Begin PBXBuildFile section */
		1801324E2BB43C4A003B4649 /* InfoView.swift in Sources */ = {isa = PBXBuildFile; fileRef = 1801324D2BB43C4A003B4649 /* InfoView.swift */; };
		180132502BB43C63003B4649 /* CommonView.swift in Sources */ = {isa = PBXBuildFile; fileRef = 1801324F2BB43C63003B4649 /* CommonView.swift */; };
		180132522BB43C98003B4649 /* MainViewModel.swift in Sources */ = {isa = PBXBuildFile; fileRef = 180132512BB43C98003B4649 /* MainViewModel.swift */; };
		180132562BB45054003B4649 /* BlurView.swift in Sources */ = {isa = PBXBuildFile; fileRef = 180132552BB45054003B4649 /* BlurView.swift */; };
		1837A1F62BD9286800E64C4D /* MainViewControllerExtensions.swift in Sources */ = {isa = PBXBuildFile; fileRef = 1837A1F52BD9286800E64C4D /* MainViewControllerExtensions.swift */; };
		18543F5F2BD159FC0084F1C0 /* DebtorBuilder.swift in Sources */ = {isa = PBXBuildFile; fileRef = 18543F5E2BD159FC0084F1C0 /* DebtorBuilder.swift */; };
		18944A0F2967A67D0052A024 /* NetworkManager.swift in Sources */ = {isa = PBXBuildFile; fileRef = 18944A0E2967A67D0052A024 /* NetworkManager.swift */; };
		189AC57F29622B1400020293 /* Notifications.swift in Sources */ = {isa = PBXBuildFile; fileRef = 189AC57E29622B1400020293 /* Notifications.swift */; };
		189CEE712973419A0051A33E /* RewardedAdManager.swift in Sources */ = {isa = PBXBuildFile; fileRef = 189CEE702973419A0051A33E /* RewardedAdManager.swift */; };
		18A183D829630D8600513904 /* NotificationsSettingsViewController.swift in Sources */ = {isa = PBXBuildFile; fileRef = 18A183D729630D8600513904 /* NotificationsSettingsViewController.swift */; };
		18A1DA902BB83F4F00FF18A9 /* SettingsExtensions.swift in Sources */ = {isa = PBXBuildFile; fileRef = 18A1DA8F2BB83F4F00FF18A9 /* SettingsExtensions.swift */; };
		18A1DA922BB83FD500FF18A9 /* SettingsProtocols.swift in Sources */ = {isa = PBXBuildFile; fileRef = 18A1DA912BB83FD500FF18A9 /* SettingsProtocols.swift */; };
		18B4E4DF2BA5A53900D76444 /* EditDataViewController.swift in Sources */ = {isa = PBXBuildFile; fileRef = 18B4E4DE2BA5A53900D76444 /* EditDataViewController.swift */; };
		18BA7E1429658B82006408A0 /* SettingsTableView.swift in Sources */ = {isa = PBXBuildFile; fileRef = 18BA7E1329658B82006408A0 /* SettingsTableView.swift */; };
		18C3350F2BDD35FC0059A245 /* AddNewDebtTableView.swift in Sources */ = {isa = PBXBuildFile; fileRef = 18C3350E2BDD35FC0059A245 /* AddNewDebtTableView.swift */; };
		18C335112BDD47B90059A245 /* AddNewDebtProtocols.swift in Sources */ = {isa = PBXBuildFile; fileRef = 18C335102BDD47B90059A245 /* AddNewDebtProtocols.swift */; };
		18C335132BDD49000059A245 /* AddNewDebtExtensions.swift in Sources */ = {isa = PBXBuildFile; fileRef = 18C335122BDD49000059A245 /* AddNewDebtExtensions.swift */; };
		18C335182BDD54480059A245 /* ColorModel.swift in Sources */ = {isa = PBXBuildFile; fileRef = 18C335172BDD54480059A245 /* ColorModel.swift */; };
		18C3351A2BDD55510059A245 /* EditDataProtocols.swift in Sources */ = {isa = PBXBuildFile; fileRef = 18C335192BDD55510059A245 /* EditDataProtocols.swift */; };
		18C3351D2BDD56A20059A245 /* TextFieldBuilder.swift in Sources */ = {isa = PBXBuildFile; fileRef = 18C3351C2BDD56A20059A245 /* TextFieldBuilder.swift */; };
		18C3351F2BDD56AF0059A245 /* StackViewBuilder.swift in Sources */ = {isa = PBXBuildFile; fileRef = 18C3351E2BDD56AF0059A245 /* StackViewBuilder.swift */; };
		18CBF6A4293E6FB100D4DC26 /* TabBar.swift in Sources */ = {isa = PBXBuildFile; fileRef = 18CBF6A3293E6FB100D4DC26 /* TabBar.swift */; };
		18CBF6A6293E6FE700D4DC26 /* MainViewController.swift in Sources */ = {isa = PBXBuildFile; fileRef = 18CBF6A5293E6FE700D4DC26 /* MainViewController.swift */; };
		18CBF6A8293E701100D4DC26 /* MainTableView.swift in Sources */ = {isa = PBXBuildFile; fileRef = 18CBF6A7293E701100D4DC26 /* MainTableView.swift */; };
		18CBF6AA293E705400D4DC26 /* CustomizeСells.swift in Sources */ = {isa = PBXBuildFile; fileRef = 18CBF6A9293E705400D4DC26 /* CustomizeСells.swift */; };
		18CBF6AE293E706E00D4DC26 /* SetColors.swift in Sources */ = {isa = PBXBuildFile; fileRef = 18CBF6AD293E706E00D4DC26 /* SetColors.swift */; };
		18CBF6B0293E707800D4DC26 /* DarkTheme.swift in Sources */ = {isa = PBXBuildFile; fileRef = 18CBF6AF293E707800D4DC26 /* DarkTheme.swift */; };
		18CBF6B2293E708200D4DC26 /* LightTheme.swift in Sources */ = {isa = PBXBuildFile; fileRef = 18CBF6B1293E708200D4DC26 /* LightTheme.swift */; };
		18CBF6B4293E70F100D4DC26 /* DebtorCell.swift in Sources */ = {isa = PBXBuildFile; fileRef = 18CBF6B3293E70F100D4DC26 /* DebtorCell.swift */; };
		18CBF6B6293E710A00D4DC26 /* SettingsCell.swift in Sources */ = {isa = PBXBuildFile; fileRef = 18CBF6B5293E710A00D4DC26 /* SettingsCell.swift */; };
		18CBF6B8293E713E00D4DC26 /* SettingsViewController.swift in Sources */ = {isa = PBXBuildFile; fileRef = 18CBF6B7293E713E00D4DC26 /* SettingsViewController.swift */; };
		18CBF6BF293E71C700D4DC26 /* AddNewDebtViewController.swift in Sources */ = {isa = PBXBuildFile; fileRef = 18CBF6BE293E71C700D4DC26 /* AddNewDebtViewController.swift */; };
		18CBF6C1293E71DF00D4DC26 /* Currency.swift in Sources */ = {isa = PBXBuildFile; fileRef = 18CBF6C0293E71DF00D4DC26 /* Currency.swift */; };
		18DCECFF29433C120092E30B /* LabelBuilder.swift in Sources */ = {isa = PBXBuildFile; fileRef = 18DCECFE29433C120092E30B /* LabelBuilder.swift */; };
		18E2026F29688AC100ED17BD /* CurrencyModel.swift in Sources */ = {isa = PBXBuildFile; fileRef = 18E2026E29688AC100ED17BD /* CurrencyModel.swift */; };
		18F926342941E8A700DF0CBE /* Extensions.swift in Sources */ = {isa = PBXBuildFile; fileRef = 18F926332941E8A700DF0CBE /* Extensions.swift */; };
		445C59EFF14BE9C56C74CFDE /* Pods_Debtors_list.framework in Frameworks */ = {isa = PBXBuildFile; fileRef = 9CF8075E9F3AB34BDA886A15 /* Pods_Debtors_list.framework */; };
		F58DA02A27E4A92E00D7739B /* Data Manager.swift in Sources */ = {isa = PBXBuildFile; fileRef = F58DA02927E4A92E00D7739B /* Data Manager.swift */; };
		F5E45CA727E4A1E000C75FA0 /* DebtorModel.swift in Sources */ = {isa = PBXBuildFile; fileRef = F5E45CA627E4A1E000C75FA0 /* DebtorModel.swift */; };
		F5F5237527E3A28600FAF539 /* AppDelegate.swift in Sources */ = {isa = PBXBuildFile; fileRef = F5F5237427E3A28600FAF539 /* AppDelegate.swift */; };
		F5F5237727E3A28600FAF539 /* SceneDelegate.swift in Sources */ = {isa = PBXBuildFile; fileRef = F5F5237627E3A28600FAF539 /* SceneDelegate.swift */; };
		F5F5237E27E3A28800FAF539 /* Assets.xcassets in Resources */ = {isa = PBXBuildFile; fileRef = F5F5237D27E3A28800FAF539 /* Assets.xcassets */; };
		F5F5238127E3A28800FAF539 /* LaunchScreen.storyboard in Resources */ = {isa = PBXBuildFile; fileRef = F5F5237F27E3A28800FAF539 /* LaunchScreen.storyboard */; };
		F5F5238C27E3A28800FAF539 /* Debtors_listTests.swift in Sources */ = {isa = PBXBuildFile; fileRef = F5F5238B27E3A28800FAF539 /* Debtors_listTests.swift */; };
		F5F5239627E3A28800FAF539 /* Debtors_listUITests.swift in Sources */ = {isa = PBXBuildFile; fileRef = F5F5239527E3A28800FAF539 /* Debtors_listUITests.swift */; };
		F5F5239827E3A28800FAF539 /* Debtors_listUITestsLaunchTests.swift in Sources */ = {isa = PBXBuildFile; fileRef = F5F5239727E3A28800FAF539 /* Debtors_listUITestsLaunchTests.swift */; };
		F5F523A727E3A3EB00FAF539 /* .gitignore in Resources */ = {isa = PBXBuildFile; fileRef = F5F523A627E3A3EB00FAF539 /* .gitignore */; };
/* End PBXBuildFile section */

/* Begin PBXContainerItemProxy section */
		F5F5238827E3A28800FAF539 /* PBXContainerItemProxy */ = {
			isa = PBXContainerItemProxy;
			containerPortal = F5F5236927E3A28600FAF539 /* Project object */;
			proxyType = 1;
			remoteGlobalIDString = F5F5237027E3A28600FAF539;
			remoteInfo = "Debtors-list";
		};
		F5F5239227E3A28800FAF539 /* PBXContainerItemProxy */ = {
			isa = PBXContainerItemProxy;
			containerPortal = F5F5236927E3A28600FAF539 /* Project object */;
			proxyType = 1;
			remoteGlobalIDString = F5F5237027E3A28600FAF539;
			remoteInfo = "Debtors-list";
		};
/* End PBXContainerItemProxy section */

/* Begin PBXFileReference section */
		1801324D2BB43C4A003B4649 /* InfoView.swift */ = {isa = PBXFileReference; lastKnownFileType = sourcecode.swift; path = InfoView.swift; sourceTree = "<group>"; };
		1801324F2BB43C63003B4649 /* CommonView.swift */ = {isa = PBXFileReference; lastKnownFileType = sourcecode.swift; path = CommonView.swift; sourceTree = "<group>"; };
		180132512BB43C98003B4649 /* MainViewModel.swift */ = {isa = PBXFileReference; lastKnownFileType = sourcecode.swift; path = MainViewModel.swift; sourceTree = "<group>"; };
		180132552BB45054003B4649 /* BlurView.swift */ = {isa = PBXFileReference; lastKnownFileType = sourcecode.swift; path = BlurView.swift; sourceTree = "<group>"; };
		1837A1F52BD9286800E64C4D /* MainViewControllerExtensions.swift */ = {isa = PBXFileReference; lastKnownFileType = sourcecode.swift; path = MainViewControllerExtensions.swift; sourceTree = "<group>"; };
		18543F5E2BD159FC0084F1C0 /* DebtorBuilder.swift */ = {isa = PBXFileReference; lastKnownFileType = sourcecode.swift; path = DebtorBuilder.swift; sourceTree = "<group>"; };
		18944A0E2967A67D0052A024 /* NetworkManager.swift */ = {isa = PBXFileReference; lastKnownFileType = sourcecode.swift; path = NetworkManager.swift; sourceTree = "<group>"; };
		189AC57E29622B1400020293 /* Notifications.swift */ = {isa = PBXFileReference; lastKnownFileType = sourcecode.swift; path = Notifications.swift; sourceTree = "<group>"; };
		189CEE702973419A0051A33E /* RewardedAdManager.swift */ = {isa = PBXFileReference; lastKnownFileType = sourcecode.swift; path = RewardedAdManager.swift; sourceTree = "<group>"; };
		18A183D729630D8600513904 /* NotificationsSettingsViewController.swift */ = {isa = PBXFileReference; lastKnownFileType = sourcecode.swift; path = NotificationsSettingsViewController.swift; sourceTree = "<group>"; };
		18A1DA8F2BB83F4F00FF18A9 /* SettingsExtensions.swift */ = {isa = PBXFileReference; lastKnownFileType = sourcecode.swift; path = SettingsExtensions.swift; sourceTree = "<group>"; };
		18A1DA912BB83FD500FF18A9 /* SettingsProtocols.swift */ = {isa = PBXFileReference; lastKnownFileType = sourcecode.swift; path = SettingsProtocols.swift; sourceTree = "<group>"; };
		18B4E4DE2BA5A53900D76444 /* EditDataViewController.swift */ = {isa = PBXFileReference; lastKnownFileType = sourcecode.swift; path = EditDataViewController.swift; sourceTree = "<group>"; };
		18BA7E1329658B82006408A0 /* SettingsTableView.swift */ = {isa = PBXFileReference; lastKnownFileType = sourcecode.swift; path = SettingsTableView.swift; sourceTree = "<group>"; };
		18C3350E2BDD35FC0059A245 /* AddNewDebtTableView.swift */ = {isa = PBXFileReference; lastKnownFileType = sourcecode.swift; path = AddNewDebtTableView.swift; sourceTree = "<group>"; };
		18C335102BDD47B90059A245 /* AddNewDebtProtocols.swift */ = {isa = PBXFileReference; lastKnownFileType = sourcecode.swift; path = AddNewDebtProtocols.swift; sourceTree = "<group>"; };
		18C335122BDD49000059A245 /* AddNewDebtExtensions.swift */ = {isa = PBXFileReference; lastKnownFileType = sourcecode.swift; path = AddNewDebtExtensions.swift; sourceTree = "<group>"; };
		18C335172BDD54480059A245 /* ColorModel.swift */ = {isa = PBXFileReference; lastKnownFileType = sourcecode.swift; path = ColorModel.swift; sourceTree = "<group>"; };
		18C335192BDD55510059A245 /* EditDataProtocols.swift */ = {isa = PBXFileReference; lastKnownFileType = sourcecode.swift; path = EditDataProtocols.swift; sourceTree = "<group>"; };
		18C3351C2BDD56A20059A245 /* TextFieldBuilder.swift */ = {isa = PBXFileReference; lastKnownFileType = sourcecode.swift; path = TextFieldBuilder.swift; sourceTree = "<group>"; };
		18C3351E2BDD56AF0059A245 /* StackViewBuilder.swift */ = {isa = PBXFileReference; lastKnownFileType = sourcecode.swift; path = StackViewBuilder.swift; sourceTree = "<group>"; };
		18CBF6A3293E6FB100D4DC26 /* TabBar.swift */ = {isa = PBXFileReference; lastKnownFileType = sourcecode.swift; path = TabBar.swift; sourceTree = "<group>"; };
		18CBF6A5293E6FE700D4DC26 /* MainViewController.swift */ = {isa = PBXFileReference; lastKnownFileType = sourcecode.swift; path = MainViewController.swift; sourceTree = "<group>"; };
		18CBF6A7293E701100D4DC26 /* MainTableView.swift */ = {isa = PBXFileReference; lastKnownFileType = sourcecode.swift; path = MainTableView.swift; sourceTree = "<group>"; };
		18CBF6A9293E705400D4DC26 /* CustomizeСells.swift */ = {isa = PBXFileReference; lastKnownFileType = sourcecode.swift; path = "CustomizeСells.swift"; sourceTree = "<group>"; };
		18CBF6AD293E706E00D4DC26 /* SetColors.swift */ = {isa = PBXFileReference; lastKnownFileType = sourcecode.swift; path = SetColors.swift; sourceTree = "<group>"; };
		18CBF6AF293E707800D4DC26 /* DarkTheme.swift */ = {isa = PBXFileReference; lastKnownFileType = sourcecode.swift; path = DarkTheme.swift; sourceTree = "<group>"; };
		18CBF6B1293E708200D4DC26 /* LightTheme.swift */ = {isa = PBXFileReference; lastKnownFileType = sourcecode.swift; path = LightTheme.swift; sourceTree = "<group>"; };
		18CBF6B3293E70F100D4DC26 /* DebtorCell.swift */ = {isa = PBXFileReference; lastKnownFileType = sourcecode.swift; path = DebtorCell.swift; sourceTree = "<group>"; };
		18CBF6B5293E710A00D4DC26 /* SettingsCell.swift */ = {isa = PBXFileReference; lastKnownFileType = sourcecode.swift; path = SettingsCell.swift; sourceTree = "<group>"; };
		18CBF6B7293E713E00D4DC26 /* SettingsViewController.swift */ = {isa = PBXFileReference; lastKnownFileType = sourcecode.swift; path = SettingsViewController.swift; sourceTree = "<group>"; };
		18CBF6BE293E71C700D4DC26 /* AddNewDebtViewController.swift */ = {isa = PBXFileReference; lastKnownFileType = sourcecode.swift; path = AddNewDebtViewController.swift; sourceTree = "<group>"; };
		18CBF6C0293E71DF00D4DC26 /* Currency.swift */ = {isa = PBXFileReference; lastKnownFileType = sourcecode.swift; path = Currency.swift; sourceTree = "<group>"; };
		18DCECFE29433C120092E30B /* LabelBuilder.swift */ = {isa = PBXFileReference; lastKnownFileType = sourcecode.swift; path = LabelBuilder.swift; sourceTree = "<group>"; };
		18E2026E29688AC100ED17BD /* CurrencyModel.swift */ = {isa = PBXFileReference; lastKnownFileType = sourcecode.swift; path = CurrencyModel.swift; sourceTree = "<group>"; };
		18F926332941E8A700DF0CBE /* Extensions.swift */ = {isa = PBXFileReference; lastKnownFileType = sourcecode.swift; path = Extensions.swift; sourceTree = "<group>"; };
		9CF8075E9F3AB34BDA886A15 /* Pods_Debtors_list.framework */ = {isa = PBXFileReference; explicitFileType = wrapper.framework; includeInIndex = 0; path = Pods_Debtors_list.framework; sourceTree = BUILT_PRODUCTS_DIR; };
		DED15456EA1FCCE10B8F1C38 /* Pods-Debtors-list.release.xcconfig */ = {isa = PBXFileReference; includeInIndex = 1; lastKnownFileType = text.xcconfig; name = "Pods-Debtors-list.release.xcconfig"; path = "Target Support Files/Pods-Debtors-list/Pods-Debtors-list.release.xcconfig"; sourceTree = "<group>"; };
		F58DA02927E4A92E00D7739B /* Data Manager.swift */ = {isa = PBXFileReference; lastKnownFileType = sourcecode.swift; path = "Data Manager.swift"; sourceTree = "<group>"; };
		F5E45CA627E4A1E000C75FA0 /* DebtorModel.swift */ = {isa = PBXFileReference; lastKnownFileType = sourcecode.swift; path = DebtorModel.swift; sourceTree = "<group>"; };
		F5F5237127E3A28600FAF539 /* Debtors-list.app */ = {isa = PBXFileReference; explicitFileType = wrapper.application; includeInIndex = 0; path = "Debtors-list.app"; sourceTree = BUILT_PRODUCTS_DIR; };
		F5F5237427E3A28600FAF539 /* AppDelegate.swift */ = {isa = PBXFileReference; lastKnownFileType = sourcecode.swift; path = AppDelegate.swift; sourceTree = "<group>"; };
		F5F5237627E3A28600FAF539 /* SceneDelegate.swift */ = {isa = PBXFileReference; lastKnownFileType = sourcecode.swift; path = SceneDelegate.swift; sourceTree = "<group>"; };
		F5F5237D27E3A28800FAF539 /* Assets.xcassets */ = {isa = PBXFileReference; lastKnownFileType = folder.assetcatalog; path = Assets.xcassets; sourceTree = "<group>"; };
		F5F5238027E3A28800FAF539 /* Base */ = {isa = PBXFileReference; lastKnownFileType = file.storyboard; name = Base; path = Base.lproj/LaunchScreen.storyboard; sourceTree = "<group>"; };
		F5F5238227E3A28800FAF539 /* Info.plist */ = {isa = PBXFileReference; lastKnownFileType = text.plist.xml; path = Info.plist; sourceTree = "<group>"; };
		F5F5238727E3A28800FAF539 /* Debtors-listTests.xctest */ = {isa = PBXFileReference; explicitFileType = wrapper.cfbundle; includeInIndex = 0; path = "Debtors-listTests.xctest"; sourceTree = BUILT_PRODUCTS_DIR; };
		F5F5238B27E3A28800FAF539 /* Debtors_listTests.swift */ = {isa = PBXFileReference; lastKnownFileType = sourcecode.swift; path = Debtors_listTests.swift; sourceTree = "<group>"; };
		F5F5239127E3A28800FAF539 /* Debtors-listUITests.xctest */ = {isa = PBXFileReference; explicitFileType = wrapper.cfbundle; includeInIndex = 0; path = "Debtors-listUITests.xctest"; sourceTree = BUILT_PRODUCTS_DIR; };
		F5F5239527E3A28800FAF539 /* Debtors_listUITests.swift */ = {isa = PBXFileReference; lastKnownFileType = sourcecode.swift; path = Debtors_listUITests.swift; sourceTree = "<group>"; };
		F5F5239727E3A28800FAF539 /* Debtors_listUITestsLaunchTests.swift */ = {isa = PBXFileReference; lastKnownFileType = sourcecode.swift; path = Debtors_listUITestsLaunchTests.swift; sourceTree = "<group>"; };
		F5F523A627E3A3EB00FAF539 /* .gitignore */ = {isa = PBXFileReference; lastKnownFileType = text; path = .gitignore; sourceTree = "<group>"; };
		FC191706B94749FFFFD46530 /* Pods-Debtors-list.debug.xcconfig */ = {isa = PBXFileReference; includeInIndex = 1; lastKnownFileType = text.xcconfig; name = "Pods-Debtors-list.debug.xcconfig"; path = "Target Support Files/Pods-Debtors-list/Pods-Debtors-list.debug.xcconfig"; sourceTree = "<group>"; };
/* End PBXFileReference section */

/* Begin PBXFrameworksBuildPhase section */
		F5F5236E27E3A28600FAF539 /* Frameworks */ = {
			isa = PBXFrameworksBuildPhase;
			buildActionMask = 2147483647;
			files = (
				445C59EFF14BE9C56C74CFDE /* Pods_Debtors_list.framework in Frameworks */,
			);
			runOnlyForDeploymentPostprocessing = 0;
		};
		F5F5238427E3A28800FAF539 /* Frameworks */ = {
			isa = PBXFrameworksBuildPhase;
			buildActionMask = 2147483647;
			files = (
			);
			runOnlyForDeploymentPostprocessing = 0;
		};
		F5F5238E27E3A28800FAF539 /* Frameworks */ = {
			isa = PBXFrameworksBuildPhase;
			buildActionMask = 2147483647;
			files = (
			);
			runOnlyForDeploymentPostprocessing = 0;
		};
/* End PBXFrameworksBuildPhase section */

/* Begin PBXGroup section */
		180132532BB43D28003B4649 /* View */ = {
			isa = PBXGroup;
			children = (
				1801324F2BB43C63003B4649 /* CommonView.swift */,
				1801324D2BB43C4A003B4649 /* InfoView.swift */,
				18CBF6A7293E701100D4DC26 /* MainTableView.swift */,
				18CBF6B3293E70F100D4DC26 /* DebtorCell.swift */,
				180132552BB45054003B4649 /* BlurView.swift */,
			);
			path = View;
			sourceTree = "<group>";
		};
		180132542BB43D8A003B4649 /* ViewModel */ = {
			isa = PBXGroup;
			children = (
				180132512BB43C98003B4649 /* MainViewModel.swift */,
			);
			path = ViewModel;
			sourceTree = "<group>";
		};
		180132572BB4590F003B4649 /* Model */ = {
			isa = PBXGroup;
			children = (
				F5E45CA627E4A1E000C75FA0 /* DebtorModel.swift */,
				18543F5E2BD159FC0084F1C0 /* DebtorBuilder.swift */,
			);
			path = Model;
			sourceTree = "<group>";
		};
		180132582BB46537003B4649 /* MainViewController */ = {
			isa = PBXGroup;
			children = (
				18CBF6A5293E6FE700D4DC26 /* MainViewController.swift */,
				1837A1F52BD9286800E64C4D /* MainViewControllerExtensions.swift */,
			);
			path = MainViewController;
			sourceTree = "<group>";
		};
		1837A1F72BD9355300E64C4D /* SettingsTableView */ = {
			isa = PBXGroup;
			children = (
				18BA7E1329658B82006408A0 /* SettingsTableView.swift */,
				18CBF6B5293E710A00D4DC26 /* SettingsCell.swift */,
			);
			path = SettingsTableView;
			sourceTree = "<group>";
		};
		1837A1F82BD9357100E64C4D /* SettingsViewController */ = {
			isa = PBXGroup;
			children = (
				18CBF6B7293E713E00D4DC26 /* SettingsViewController.swift */,
				18A1DA8F2BB83F4F00FF18A9 /* SettingsExtensions.swift */,
			);
			path = SettingsViewController;
			sourceTree = "<group>";
		};
		189CEE6F297341670051A33E /* Ads */ = {
			isa = PBXGroup;
			children = (
				189CEE702973419A0051A33E /* RewardedAdManager.swift */,
			);
			path = Ads;
			sourceTree = "<group>";
		};
		18C335142BDD495A0059A245 /* AddNewDebtViewController */ = {
			isa = PBXGroup;
			children = (
				18CBF6BE293E71C700D4DC26 /* AddNewDebtViewController.swift */,
				18C335122BDD49000059A245 /* AddNewDebtExtensions.swift */,
			);
			path = AddNewDebtViewController;
			sourceTree = "<group>";
		};
		18C335152BDD4A700059A245 /* CurrencyViewController */ = {
			isa = PBXGroup;
			children = (
				18CBF6C0293E71DF00D4DC26 /* Currency.swift */,
			);
			path = CurrencyViewController;
			sourceTree = "<group>";
		};
		18C335162BDD53370059A245 /* AddNewDebtTableView */ = {
			isa = PBXGroup;
			children = (
				18C3350E2BDD35FC0059A245 /* AddNewDebtTableView.swift */,
			);
			path = AddNewDebtTableView;
			sourceTree = "<group>";
		};
		18C3351B2BDD56870059A245 /* UIBuilders */ = {
			isa = PBXGroup;
			children = (
				18DCECFE29433C120092E30B /* LabelBuilder.swift */,
				18C3351C2BDD56A20059A245 /* TextFieldBuilder.swift */,
				18C3351E2BDD56AF0059A245 /* StackViewBuilder.swift */,
			);
			path = UIBuilders;
			sourceTree = "<group>";
		};
		18CBF6A2293E6F7F00D4DC26 /* TabBar */ = {
			isa = PBXGroup;
			children = (
				18CBF6A3293E6FB100D4DC26 /* TabBar.swift */,
			);
			path = TabBar;
			sourceTree = "<group>";
		};
		18CBF6BD293E71B300D4DC26 /* AddNewDebtScreen */ = {
			isa = PBXGroup;
			children = (
				18C335142BDD495A0059A245 /* AddNewDebtViewController */,
				18C335162BDD53370059A245 /* AddNewDebtTableView */,
				18C335152BDD4A700059A245 /* CurrencyViewController */,
				18C335102BDD47B90059A245 /* AddNewDebtProtocols.swift */,
			);
			path = AddNewDebtScreen;
			sourceTree = "<group>";
		};
		18D1777D296638AF00089222 /* Notifications */ = {
			isa = PBXGroup;
			children = (
				189AC57E29622B1400020293 /* Notifications.swift */,
			);
			path = Notifications;
			sourceTree = "<group>";
		};
		18E2026D29688A9F00ED17BD /* Networking */ = {
			isa = PBXGroup;
			children = (
				18944A0E2967A67D0052A024 /* NetworkManager.swift */,
				18E2026E29688AC100ED17BD /* CurrencyModel.swift */,
			);
			path = Networking;
			sourceTree = "<group>";
		};
		18E3EF302BB8299500B6B466 /* EditDebtScreen */ = {
			isa = PBXGroup;
			children = (
				18B4E4DE2BA5A53900D76444 /* EditDataViewController.swift */,
				18C335192BDD55510059A245 /* EditDataProtocols.swift */,
			);
			path = EditDebtScreen;
			sourceTree = "<group>";
		};
		18E428A1293F64F500DA70B5 /* Theme */ = {
			isa = PBXGroup;
			children = (
				18CBF6AD293E706E00D4DC26 /* SetColors.swift */,
				18CBF6AF293E707800D4DC26 /* DarkTheme.swift */,
				18CBF6B1293E708200D4DC26 /* LightTheme.swift */,
				18C335172BDD54480059A245 /* ColorModel.swift */,
			);
			path = Theme;
			sourceTree = "<group>";
		};
		18E428A2293F655300DA70B5 /* SystemFiles */ = {
			isa = PBXGroup;
			children = (
				F5F5237427E3A28600FAF539 /* AppDelegate.swift */,
				F5F5237627E3A28600FAF539 /* SceneDelegate.swift */,
			);
			path = SystemFiles;
			sourceTree = "<group>";
		};
		24CD7DE817582474CB465978 /* Frameworks */ = {
			isa = PBXGroup;
			children = (
				9CF8075E9F3AB34BDA886A15 /* Pods_Debtors_list.framework */,
			);
			name = Frameworks;
			sourceTree = "<group>";
		};
		77DE4BEA8158B67BF206C251 /* Pods */ = {
			isa = PBXGroup;
			children = (
				FC191706B94749FFFFD46530 /* Pods-Debtors-list.debug.xcconfig */,
				DED15456EA1FCCE10B8F1C38 /* Pods-Debtors-list.release.xcconfig */,
			);
			path = Pods;
			sourceTree = "<group>";
		};
		F5E45C8C27E49CC700C75FA0 /* MainScreen */ = {
			isa = PBXGroup;
			children = (
				180132582BB46537003B4649 /* MainViewController */,
				180132572BB4590F003B4649 /* Model */,
				180132532BB43D28003B4649 /* View */,
				180132542BB43D8A003B4649 /* ViewModel */,
			);
			path = MainScreen;
			sourceTree = "<group>";
		};
		F5E45C8D27E49CE900C75FA0 /* SettingsScreen */ = {
			isa = PBXGroup;
			children = (
				1837A1F82BD9357100E64C4D /* SettingsViewController */,
				1837A1F72BD9355300E64C4D /* SettingsTableView */,
				18A1DA912BB83FD500FF18A9 /* SettingsProtocols.swift */,
				18A183D729630D8600513904 /* NotificationsSettingsViewController.swift */,
			);
			path = SettingsScreen;
			sourceTree = "<group>";
		};
		F5E45C9027E49D8C00C75FA0 /* Support files */ = {
			isa = PBXGroup;
			children = (
				18C3351B2BDD56870059A245 /* UIBuilders */,
				F58DA02927E4A92E00D7739B /* Data Manager.swift */,
				18CBF6A9293E705400D4DC26 /* CustomizeСells.swift */,
				18F926332941E8A700DF0CBE /* Extensions.swift */,
			);
			path = "Support files";
			sourceTree = "<group>";
		};
		F5F5236827E3A28600FAF539 = {
			isa = PBXGroup;
			children = (
				F5F523A627E3A3EB00FAF539 /* .gitignore */,
				F5F5237327E3A28600FAF539 /* Debtors-list */,
				F5F5238A27E3A28800FAF539 /* Debtors-listTests */,
				F5F5239427E3A28800FAF539 /* Debtors-listUITests */,
				F5F5237227E3A28600FAF539 /* Products */,
				77DE4BEA8158B67BF206C251 /* Pods */,
				24CD7DE817582474CB465978 /* Frameworks */,
			);
			sourceTree = "<group>";
		};
		F5F5237227E3A28600FAF539 /* Products */ = {
			isa = PBXGroup;
			children = (
				F5F5237127E3A28600FAF539 /* Debtors-list.app */,
				F5F5238727E3A28800FAF539 /* Debtors-listTests.xctest */,
				F5F5239127E3A28800FAF539 /* Debtors-listUITests.xctest */,
			);
			name = Products;
			sourceTree = "<group>";
		};
		F5F5237327E3A28600FAF539 /* Debtors-list */ = {
			isa = PBXGroup;
			children = (
				18E428A2293F655300DA70B5 /* SystemFiles */,
				18CBF6A2293E6F7F00D4DC26 /* TabBar */,
				F5E45C8C27E49CC700C75FA0 /* MainScreen */,
				F5E45C8D27E49CE900C75FA0 /* SettingsScreen */,
				18CBF6BD293E71B300D4DC26 /* AddNewDebtScreen */,
				18E3EF302BB8299500B6B466 /* EditDebtScreen */,
				F5E45C9027E49D8C00C75FA0 /* Support files */,
				18E2026D29688A9F00ED17BD /* Networking */,
				18D1777D296638AF00089222 /* Notifications */,
				18E428A1293F64F500DA70B5 /* Theme */,
				189CEE6F297341670051A33E /* Ads */,
				F5F5237D27E3A28800FAF539 /* Assets.xcassets */,
				F5F5237F27E3A28800FAF539 /* LaunchScreen.storyboard */,
				F5F5238227E3A28800FAF539 /* Info.plist */,
			);
			path = "Debtors-list";
			sourceTree = "<group>";
		};
		F5F5238A27E3A28800FAF539 /* Debtors-listTests */ = {
			isa = PBXGroup;
			children = (
				F5F5238B27E3A28800FAF539 /* Debtors_listTests.swift */,
			);
			path = "Debtors-listTests";
			sourceTree = "<group>";
		};
		F5F5239427E3A28800FAF539 /* Debtors-listUITests */ = {
			isa = PBXGroup;
			children = (
				F5F5239527E3A28800FAF539 /* Debtors_listUITests.swift */,
				F5F5239727E3A28800FAF539 /* Debtors_listUITestsLaunchTests.swift */,
			);
			path = "Debtors-listUITests";
			sourceTree = "<group>";
		};
/* End PBXGroup section */

/* Begin PBXNativeTarget section */
		F5F5237027E3A28600FAF539 /* Debtors-list */ = {
			isa = PBXNativeTarget;
			buildConfigurationList = F5F5239B27E3A28800FAF539 /* Build configuration list for PBXNativeTarget "Debtors-list" */;
			buildPhases = (
				80D892EAD157C2B8FEF12683 /* [CP] Check Pods Manifest.lock */,
				F5F5236D27E3A28600FAF539 /* Sources */,
				F5F5236E27E3A28600FAF539 /* Frameworks */,
				F5F5236F27E3A28600FAF539 /* Resources */,
				6CC7CCE244C62BA164A02765 /* [CP] Embed Pods Frameworks */,
				A95B9C7B1A19C12786538291 /* [CP] Copy Pods Resources */,
			);
			buildRules = (
			);
			dependencies = (
			);
			name = "Debtors-list";
			productName = "Debtors-list";
			productReference = F5F5237127E3A28600FAF539 /* Debtors-list.app */;
			productType = "com.apple.product-type.application";
		};
		F5F5238627E3A28800FAF539 /* Debtors-listTests */ = {
			isa = PBXNativeTarget;
			buildConfigurationList = F5F5239E27E3A28800FAF539 /* Build configuration list for PBXNativeTarget "Debtors-listTests" */;
			buildPhases = (
				F5F5238327E3A28800FAF539 /* Sources */,
				F5F5238427E3A28800FAF539 /* Frameworks */,
				F5F5238527E3A28800FAF539 /* Resources */,
			);
			buildRules = (
			);
			dependencies = (
				F5F5238927E3A28800FAF539 /* PBXTargetDependency */,
			);
			name = "Debtors-listTests";
			productName = "Debtors-listTests";
			productReference = F5F5238727E3A28800FAF539 /* Debtors-listTests.xctest */;
			productType = "com.apple.product-type.bundle.unit-test";
		};
		F5F5239027E3A28800FAF539 /* Debtors-listUITests */ = {
			isa = PBXNativeTarget;
			buildConfigurationList = F5F523A127E3A28800FAF539 /* Build configuration list for PBXNativeTarget "Debtors-listUITests" */;
			buildPhases = (
				F5F5238D27E3A28800FAF539 /* Sources */,
				F5F5238E27E3A28800FAF539 /* Frameworks */,
				F5F5238F27E3A28800FAF539 /* Resources */,
			);
			buildRules = (
			);
			dependencies = (
				F5F5239327E3A28800FAF539 /* PBXTargetDependency */,
			);
			name = "Debtors-listUITests";
			productName = "Debtors-listUITests";
			productReference = F5F5239127E3A28800FAF539 /* Debtors-listUITests.xctest */;
			productType = "com.apple.product-type.bundle.ui-testing";
		};
/* End PBXNativeTarget section */

/* Begin PBXProject section */
		F5F5236927E3A28600FAF539 /* Project object */ = {
			isa = PBXProject;
			attributes = {
				BuildIndependentTargetsInParallel = 1;
				LastSwiftUpdateCheck = 1320;
				LastUpgradeCheck = 1320;
				TargetAttributes = {
					F5F5237027E3A28600FAF539 = {
						CreatedOnToolsVersion = 13.2.1;
					};
					F5F5238627E3A28800FAF539 = {
						CreatedOnToolsVersion = 13.2.1;
						TestTargetID = F5F5237027E3A28600FAF539;
					};
					F5F5239027E3A28800FAF539 = {
						CreatedOnToolsVersion = 13.2.1;
						TestTargetID = F5F5237027E3A28600FAF539;
					};
				};
			};
			buildConfigurationList = F5F5236C27E3A28600FAF539 /* Build configuration list for PBXProject "Debtors-list" */;
			compatibilityVersion = "Xcode 13.0";
			developmentRegion = en;
			hasScannedForEncodings = 0;
			knownRegions = (
				en,
				Base,
			);
			mainGroup = F5F5236827E3A28600FAF539;
			productRefGroup = F5F5237227E3A28600FAF539 /* Products */;
			projectDirPath = "";
			projectRoot = "";
			targets = (
				F5F5237027E3A28600FAF539 /* Debtors-list */,
				F5F5238627E3A28800FAF539 /* Debtors-listTests */,
				F5F5239027E3A28800FAF539 /* Debtors-listUITests */,
			);
		};
/* End PBXProject section */

/* Begin PBXResourcesBuildPhase section */
		F5F5236F27E3A28600FAF539 /* Resources */ = {
			isa = PBXResourcesBuildPhase;
			buildActionMask = 2147483647;
			files = (
				F5F523A727E3A3EB00FAF539 /* .gitignore in Resources */,
				F5F5238127E3A28800FAF539 /* LaunchScreen.storyboard in Resources */,
				F5F5237E27E3A28800FAF539 /* Assets.xcassets in Resources */,
			);
			runOnlyForDeploymentPostprocessing = 0;
		};
		F5F5238527E3A28800FAF539 /* Resources */ = {
			isa = PBXResourcesBuildPhase;
			buildActionMask = 2147483647;
			files = (
			);
			runOnlyForDeploymentPostprocessing = 0;
		};
		F5F5238F27E3A28800FAF539 /* Resources */ = {
			isa = PBXResourcesBuildPhase;
			buildActionMask = 2147483647;
			files = (
			);
			runOnlyForDeploymentPostprocessing = 0;
		};
/* End PBXResourcesBuildPhase section */

/* Begin PBXShellScriptBuildPhase section */
		6CC7CCE244C62BA164A02765 /* [CP] Embed Pods Frameworks */ = {
			isa = PBXShellScriptBuildPhase;
			buildActionMask = 2147483647;
			files = (
			);
			inputFileListPaths = (
				"${PODS_ROOT}/Target Support Files/Pods-Debtors-list/Pods-Debtors-list-frameworks-${CONFIGURATION}-input-files.xcfilelist",
			);
			name = "[CP] Embed Pods Frameworks";
			outputFileListPaths = (
				"${PODS_ROOT}/Target Support Files/Pods-Debtors-list/Pods-Debtors-list-frameworks-${CONFIGURATION}-output-files.xcfilelist",
			);
			runOnlyForDeploymentPostprocessing = 0;
			shellPath = /bin/sh;
			shellScript = "\"${PODS_ROOT}/Target Support Files/Pods-Debtors-list/Pods-Debtors-list-frameworks.sh\"\n";
			showEnvVarsInLog = 0;
		};
		80D892EAD157C2B8FEF12683 /* [CP] Check Pods Manifest.lock */ = {
			isa = PBXShellScriptBuildPhase;
			buildActionMask = 2147483647;
			files = (
			);
			inputFileListPaths = (
			);
			inputPaths = (
				"${PODS_PODFILE_DIR_PATH}/Podfile.lock",
				"${PODS_ROOT}/Manifest.lock",
			);
			name = "[CP] Check Pods Manifest.lock";
			outputFileListPaths = (
			);
			outputPaths = (
				"$(DERIVED_FILE_DIR)/Pods-Debtors-list-checkManifestLockResult.txt",
			);
			runOnlyForDeploymentPostprocessing = 0;
			shellPath = /bin/sh;
			shellScript = "diff \"${PODS_PODFILE_DIR_PATH}/Podfile.lock\" \"${PODS_ROOT}/Manifest.lock\" > /dev/null\nif [ $? != 0 ] ; then\n    # print error to STDERR\n    echo \"error: The sandbox is not in sync with the Podfile.lock. Run 'pod install' or update your CocoaPods installation.\" >&2\n    exit 1\nfi\n# This output is used by Xcode 'outputs' to avoid re-running this script phase.\necho \"SUCCESS\" > \"${SCRIPT_OUTPUT_FILE_0}\"\n";
			showEnvVarsInLog = 0;
		};
		A95B9C7B1A19C12786538291 /* [CP] Copy Pods Resources */ = {
			isa = PBXShellScriptBuildPhase;
			buildActionMask = 2147483647;
			files = (
			);
			inputFileListPaths = (
				"${PODS_ROOT}/Target Support Files/Pods-Debtors-list/Pods-Debtors-list-resources-${CONFIGURATION}-input-files.xcfilelist",
			);
			name = "[CP] Copy Pods Resources";
			outputFileListPaths = (
				"${PODS_ROOT}/Target Support Files/Pods-Debtors-list/Pods-Debtors-list-resources-${CONFIGURATION}-output-files.xcfilelist",
			);
			runOnlyForDeploymentPostprocessing = 0;
			shellPath = /bin/sh;
			shellScript = "\"${PODS_ROOT}/Target Support Files/Pods-Debtors-list/Pods-Debtors-list-resources.sh\"\n";
			showEnvVarsInLog = 0;
		};
/* End PBXShellScriptBuildPhase section */

/* Begin PBXSourcesBuildPhase section */
		F5F5236D27E3A28600FAF539 /* Sources */ = {
			isa = PBXSourcesBuildPhase;
			buildActionMask = 2147483647;
			files = (
				180132522BB43C98003B4649 /* MainViewModel.swift in Sources */,
				18C3351F2BDD56AF0059A245 /* StackViewBuilder.swift in Sources */,
				18C3351D2BDD56A20059A245 /* TextFieldBuilder.swift in Sources */,
				189AC57F29622B1400020293 /* Notifications.swift in Sources */,
				18DCECFF29433C120092E30B /* LabelBuilder.swift in Sources */,
				18543F5F2BD159FC0084F1C0 /* DebtorBuilder.swift in Sources */,
				180132562BB45054003B4649 /* BlurView.swift in Sources */,
				18CBF6A8293E701100D4DC26 /* MainTableView.swift in Sources */,
				18A183D829630D8600513904 /* NotificationsSettingsViewController.swift in Sources */,
				18CBF6B2293E708200D4DC26 /* LightTheme.swift in Sources */,
				1801324E2BB43C4A003B4649 /* InfoView.swift in Sources */,
				F58DA02A27E4A92E00D7739B /* Data Manager.swift in Sources */,
				18BA7E1429658B82006408A0 /* SettingsTableView.swift in Sources */,
				18CBF6A6293E6FE700D4DC26 /* MainViewController.swift in Sources */,
				18F926342941E8A700DF0CBE /* Extensions.swift in Sources */,
				18CBF6B0293E707800D4DC26 /* DarkTheme.swift in Sources */,
				18C3350F2BDD35FC0059A245 /* AddNewDebtTableView.swift in Sources */,
				18944A0F2967A67D0052A024 /* NetworkManager.swift in Sources */,
				1837A1F62BD9286800E64C4D /* MainViewControllerExtensions.swift in Sources */,
				18B4E4DF2BA5A53900D76444 /* EditDataViewController.swift in Sources */,
				18C335182BDD54480059A245 /* ColorModel.swift in Sources */,
				18CBF6AA293E705400D4DC26 /* CustomizeСells.swift in Sources */,
				18C335132BDD49000059A245 /* AddNewDebtExtensions.swift in Sources */,
				F5E45CA727E4A1E000C75FA0 /* DebtorModel.swift in Sources */,
				18CBF6A4293E6FB100D4DC26 /* TabBar.swift in Sources */,
				18E2026F29688AC100ED17BD /* CurrencyModel.swift in Sources */,
				18CBF6C1293E71DF00D4DC26 /* Currency.swift in Sources */,
				18CBF6B8293E713E00D4DC26 /* SettingsViewController.swift in Sources */,
				18A1DA922BB83FD500FF18A9 /* SettingsProtocols.swift in Sources */,
				18CBF6BF293E71C700D4DC26 /* AddNewDebtViewController.swift in Sources */,
				F5F5237527E3A28600FAF539 /* AppDelegate.swift in Sources */,
				18CBF6B4293E70F100D4DC26 /* DebtorCell.swift in Sources */,
				189CEE712973419A0051A33E /* RewardedAdManager.swift in Sources */,
				18C335112BDD47B90059A245 /* AddNewDebtProtocols.swift in Sources */,
				180132502BB43C63003B4649 /* CommonView.swift in Sources */,
				18CBF6B6293E710A00D4DC26 /* SettingsCell.swift in Sources */,
				18A1DA902BB83F4F00FF18A9 /* SettingsExtensions.swift in Sources */,
				F5F5237727E3A28600FAF539 /* SceneDelegate.swift in Sources */,
				18C3351A2BDD55510059A245 /* EditDataProtocols.swift in Sources */,
				18CBF6AE293E706E00D4DC26 /* SetColors.swift in Sources */,
			);
			runOnlyForDeploymentPostprocessing = 0;
		};
		F5F5238327E3A28800FAF539 /* Sources */ = {
			isa = PBXSourcesBuildPhase;
			buildActionMask = 2147483647;
			files = (
				F5F5238C27E3A28800FAF539 /* Debtors_listTests.swift in Sources */,
			);
			runOnlyForDeploymentPostprocessing = 0;
		};
		F5F5238D27E3A28800FAF539 /* Sources */ = {
			isa = PBXSourcesBuildPhase;
			buildActionMask = 2147483647;
			files = (
				F5F5239827E3A28800FAF539 /* Debtors_listUITestsLaunchTests.swift in Sources */,
				F5F5239627E3A28800FAF539 /* Debtors_listUITests.swift in Sources */,
			);
			runOnlyForDeploymentPostprocessing = 0;
		};
/* End PBXSourcesBuildPhase section */

/* Begin PBXTargetDependency section */
		F5F5238927E3A28800FAF539 /* PBXTargetDependency */ = {
			isa = PBXTargetDependency;
			target = F5F5237027E3A28600FAF539 /* Debtors-list */;
			targetProxy = F5F5238827E3A28800FAF539 /* PBXContainerItemProxy */;
		};
		F5F5239327E3A28800FAF539 /* PBXTargetDependency */ = {
			isa = PBXTargetDependency;
			target = F5F5237027E3A28600FAF539 /* Debtors-list */;
			targetProxy = F5F5239227E3A28800FAF539 /* PBXContainerItemProxy */;
		};
/* End PBXTargetDependency section */

/* Begin PBXVariantGroup section */
		F5F5237F27E3A28800FAF539 /* LaunchScreen.storyboard */ = {
			isa = PBXVariantGroup;
			children = (
				F5F5238027E3A28800FAF539 /* Base */,
			);
			name = LaunchScreen.storyboard;
			sourceTree = "<group>";
		};
/* End PBXVariantGroup section */

/* Begin XCBuildConfiguration section */
		F5F5239927E3A28800FAF539 /* Debug */ = {
			isa = XCBuildConfiguration;
			buildSettings = {
				ALWAYS_SEARCH_USER_PATHS = NO;
				CLANG_ANALYZER_NONNULL = YES;
				CLANG_ANALYZER_NUMBER_OBJECT_CONVERSION = YES_AGGRESSIVE;
				CLANG_CXX_LANGUAGE_STANDARD = "gnu++17";
				CLANG_CXX_LIBRARY = "libc++";
				CLANG_ENABLE_MODULES = YES;
				CLANG_ENABLE_OBJC_ARC = YES;
				CLANG_ENABLE_OBJC_WEAK = YES;
				CLANG_WARN_BLOCK_CAPTURE_AUTORELEASING = YES;
				CLANG_WARN_BOOL_CONVERSION = YES;
				CLANG_WARN_COMMA = YES;
				CLANG_WARN_CONSTANT_CONVERSION = YES;
				CLANG_WARN_DEPRECATED_OBJC_IMPLEMENTATIONS = YES;
				CLANG_WARN_DIRECT_OBJC_ISA_USAGE = YES_ERROR;
				CLANG_WARN_DOCUMENTATION_COMMENTS = YES;
				CLANG_WARN_EMPTY_BODY = YES;
				CLANG_WARN_ENUM_CONVERSION = YES;
				CLANG_WARN_INFINITE_RECURSION = YES;
				CLANG_WARN_INT_CONVERSION = YES;
				CLANG_WARN_NON_LITERAL_NULL_CONVERSION = YES;
				CLANG_WARN_OBJC_IMPLICIT_RETAIN_SELF = YES;
				CLANG_WARN_OBJC_LITERAL_CONVERSION = YES;
				CLANG_WARN_OBJC_ROOT_CLASS = YES_ERROR;
				CLANG_WARN_QUOTED_INCLUDE_IN_FRAMEWORK_HEADER = YES;
				CLANG_WARN_RANGE_LOOP_ANALYSIS = YES;
				CLANG_WARN_STRICT_PROTOTYPES = YES;
				CLANG_WARN_SUSPICIOUS_MOVE = YES;
				CLANG_WARN_UNGUARDED_AVAILABILITY = YES_AGGRESSIVE;
				CLANG_WARN_UNREACHABLE_CODE = YES;
				CLANG_WARN__DUPLICATE_METHOD_MATCH = YES;
				COPY_PHASE_STRIP = NO;
				DEBUG_INFORMATION_FORMAT = dwarf;
				ENABLE_STRICT_OBJC_MSGSEND = YES;
				ENABLE_TESTABILITY = YES;
				GCC_C_LANGUAGE_STANDARD = gnu11;
				GCC_DYNAMIC_NO_PIC = NO;
				GCC_NO_COMMON_BLOCKS = YES;
				GCC_OPTIMIZATION_LEVEL = 0;
				GCC_PREPROCESSOR_DEFINITIONS = (
					"DEBUG=1",
					"$(inherited)",
				);
				GCC_WARN_64_TO_32_BIT_CONVERSION = YES;
				GCC_WARN_ABOUT_RETURN_TYPE = YES_ERROR;
				GCC_WARN_UNDECLARED_SELECTOR = YES;
				GCC_WARN_UNINITIALIZED_AUTOS = YES_AGGRESSIVE;
				GCC_WARN_UNUSED_FUNCTION = YES;
				GCC_WARN_UNUSED_VARIABLE = YES;
				IPHONEOS_DEPLOYMENT_TARGET = 15.2;
				MTL_ENABLE_DEBUG_INFO = INCLUDE_SOURCE;
				MTL_FAST_MATH = YES;
				ONLY_ACTIVE_ARCH = YES;
				SDKROOT = iphoneos;
				SWIFT_ACTIVE_COMPILATION_CONDITIONS = DEBUG;
				SWIFT_OPTIMIZATION_LEVEL = "-Onone";
			};
			name = Debug;
		};
		F5F5239A27E3A28800FAF539 /* Release */ = {
			isa = XCBuildConfiguration;
			buildSettings = {
				ALWAYS_SEARCH_USER_PATHS = NO;
				CLANG_ANALYZER_NONNULL = YES;
				CLANG_ANALYZER_NUMBER_OBJECT_CONVERSION = YES_AGGRESSIVE;
				CLANG_CXX_LANGUAGE_STANDARD = "gnu++17";
				CLANG_CXX_LIBRARY = "libc++";
				CLANG_ENABLE_MODULES = YES;
				CLANG_ENABLE_OBJC_ARC = YES;
				CLANG_ENABLE_OBJC_WEAK = YES;
				CLANG_WARN_BLOCK_CAPTURE_AUTORELEASING = YES;
				CLANG_WARN_BOOL_CONVERSION = YES;
				CLANG_WARN_COMMA = YES;
				CLANG_WARN_CONSTANT_CONVERSION = YES;
				CLANG_WARN_DEPRECATED_OBJC_IMPLEMENTATIONS = YES;
				CLANG_WARN_DIRECT_OBJC_ISA_USAGE = YES_ERROR;
				CLANG_WARN_DOCUMENTATION_COMMENTS = YES;
				CLANG_WARN_EMPTY_BODY = YES;
				CLANG_WARN_ENUM_CONVERSION = YES;
				CLANG_WARN_INFINITE_RECURSION = YES;
				CLANG_WARN_INT_CONVERSION = YES;
				CLANG_WARN_NON_LITERAL_NULL_CONVERSION = YES;
				CLANG_WARN_OBJC_IMPLICIT_RETAIN_SELF = YES;
				CLANG_WARN_OBJC_LITERAL_CONVERSION = YES;
				CLANG_WARN_OBJC_ROOT_CLASS = YES_ERROR;
				CLANG_WARN_QUOTED_INCLUDE_IN_FRAMEWORK_HEADER = YES;
				CLANG_WARN_RANGE_LOOP_ANALYSIS = YES;
				CLANG_WARN_STRICT_PROTOTYPES = YES;
				CLANG_WARN_SUSPICIOUS_MOVE = YES;
				CLANG_WARN_UNGUARDED_AVAILABILITY = YES_AGGRESSIVE;
				CLANG_WARN_UNREACHABLE_CODE = YES;
				CLANG_WARN__DUPLICATE_METHOD_MATCH = YES;
				COPY_PHASE_STRIP = NO;
				DEBUG_INFORMATION_FORMAT = "dwarf-with-dsym";
				ENABLE_NS_ASSERTIONS = NO;
				ENABLE_STRICT_OBJC_MSGSEND = YES;
				GCC_C_LANGUAGE_STANDARD = gnu11;
				GCC_NO_COMMON_BLOCKS = YES;
				GCC_WARN_64_TO_32_BIT_CONVERSION = YES;
				GCC_WARN_ABOUT_RETURN_TYPE = YES_ERROR;
				GCC_WARN_UNDECLARED_SELECTOR = YES;
				GCC_WARN_UNINITIALIZED_AUTOS = YES_AGGRESSIVE;
				GCC_WARN_UNUSED_FUNCTION = YES;
				GCC_WARN_UNUSED_VARIABLE = YES;
				IPHONEOS_DEPLOYMENT_TARGET = 15.2;
				MTL_ENABLE_DEBUG_INFO = NO;
				MTL_FAST_MATH = YES;
				SDKROOT = iphoneos;
				SWIFT_COMPILATION_MODE = wholemodule;
				SWIFT_OPTIMIZATION_LEVEL = "-O";
				VALIDATE_PRODUCT = YES;
			};
			name = Release;
		};
		F5F5239C27E3A28800FAF539 /* Debug */ = {
			isa = XCBuildConfiguration;
			baseConfigurationReference = FC191706B94749FFFFD46530 /* Pods-Debtors-list.debug.xcconfig */;
			buildSettings = {
				ASSETCATALOG_COMPILER_APPICON_NAME = AppIcon;
				ASSETCATALOG_COMPILER_GLOBAL_ACCENT_COLOR_NAME = AccentColor;
				CODE_SIGN_STYLE = Automatic;
				CURRENT_PROJECT_VERSION = 6;
				DEVELOPMENT_TEAM = 9XP4F76DYF;
				GENERATE_INFOPLIST_FILE = YES;
				INFOPLIST_FILE = "Debtors-list/Info.plist";
				INFOPLIST_KEY_CFBundleDisplayName = "Debtors list";
				INFOPLIST_KEY_LSApplicationCategoryType = "public.app-category.finance";
				INFOPLIST_KEY_NSFaceIDUsageDescription = "Face id";
				INFOPLIST_KEY_UIApplicationSupportsIndirectInputEvents = YES;
				INFOPLIST_KEY_UILaunchStoryboardName = LaunchScreen;
				INFOPLIST_KEY_UISupportedInterfaceOrientations = UIInterfaceOrientationPortrait;
				INFOPLIST_KEY_UISupportedInterfaceOrientations_iPad = "UIInterfaceOrientationLandscapeLeft UIInterfaceOrientationLandscapeRight UIInterfaceOrientationPortrait UIInterfaceOrientationPortraitUpsideDown";
				IPHONEOS_DEPLOYMENT_TARGET = 15.0;
				LD_RUNPATH_SEARCH_PATHS = (
					"$(inherited)",
					"@executable_path/Frameworks",
				);
				MARKETING_VERSION = 1.0.1;
				PRODUCT_BUNDLE_IDENTIFIER = "Vlad-Lytvynets.Debtors-list";
				PRODUCT_NAME = "$(TARGET_NAME)";
				SUPPORTED_PLATFORMS = "iphoneos iphonesimulator";
				SUPPORTS_MACCATALYST = NO;
				SUPPORTS_MAC_DESIGNED_FOR_IPHONE_IPAD = NO;
				SWIFT_EMIT_LOC_STRINGS = YES;
				SWIFT_VERSION = 5.0;
				TARGETED_DEVICE_FAMILY = 1;
			};
			name = Debug;
		};
		F5F5239D27E3A28800FAF539 /* Release */ = {
			isa = XCBuildConfiguration;
			baseConfigurationReference = DED15456EA1FCCE10B8F1C38 /* Pods-Debtors-list.release.xcconfig */;
			buildSettings = {
				ASSETCATALOG_COMPILER_APPICON_NAME = AppIcon;
				ASSETCATALOG_COMPILER_GLOBAL_ACCENT_COLOR_NAME = AccentColor;
				CODE_SIGN_STYLE = Automatic;
				CURRENT_PROJECT_VERSION = 6;
				DEVELOPMENT_TEAM = 9XP4F76DYF;
				GENERATE_INFOPLIST_FILE = YES;
				INFOPLIST_FILE = "Debtors-list/Info.plist";
				INFOPLIST_KEY_CFBundleDisplayName = "Debtors list";
				INFOPLIST_KEY_LSApplicationCategoryType = "public.app-category.finance";
				INFOPLIST_KEY_NSFaceIDUsageDescription = "Face id";
				INFOPLIST_KEY_UIApplicationSupportsIndirectInputEvents = YES;
				INFOPLIST_KEY_UILaunchStoryboardName = LaunchScreen;
				INFOPLIST_KEY_UISupportedInterfaceOrientations = UIInterfaceOrientationPortrait;
				INFOPLIST_KEY_UISupportedInterfaceOrientations_iPad = "UIInterfaceOrientationLandscapeLeft UIInterfaceOrientationLandscapeRight UIInterfaceOrientationPortrait UIInterfaceOrientationPortraitUpsideDown";
				IPHONEOS_DEPLOYMENT_TARGET = 15.0;
				LD_RUNPATH_SEARCH_PATHS = (
					"$(inherited)",
					"@executable_path/Frameworks",
				);
				MARKETING_VERSION = 1.0.1;
				PRODUCT_BUNDLE_IDENTIFIER = "Vlad-Lytvynets.Debtors-list";
				PRODUCT_NAME = "$(TARGET_NAME)";
				SUPPORTED_PLATFORMS = "iphoneos iphonesimulator";
				SUPPORTS_MACCATALYST = NO;
				SUPPORTS_MAC_DESIGNED_FOR_IPHONE_IPAD = NO;
				SWIFT_EMIT_LOC_STRINGS = YES;
				SWIFT_VERSION = 5.0;
				TARGETED_DEVICE_FAMILY = 1;
			};
			name = Release;
		};
		F5F5239F27E3A28800FAF539 /* Debug */ = {
			isa = XCBuildConfiguration;
			buildSettings = {
				ALWAYS_EMBED_SWIFT_STANDARD_LIBRARIES = YES;
				BUNDLE_LOADER = "$(TEST_HOST)";
				CODE_SIGN_STYLE = Automatic;
				CURRENT_PROJECT_VERSION = 1;
				DEVELOPMENT_TEAM = 9XP4F76DYF;
				GENERATE_INFOPLIST_FILE = YES;
				IPHONEOS_DEPLOYMENT_TARGET = 15.2;
				MARKETING_VERSION = 1.0;
				PRODUCT_BUNDLE_IDENTIFIER = "Vlad-Lytvynets.Debtors-listTests";
				PRODUCT_NAME = "$(TARGET_NAME)";
				SWIFT_EMIT_LOC_STRINGS = NO;
				SWIFT_VERSION = 5.0;
				TARGETED_DEVICE_FAMILY = "1,2";
				TEST_HOST = "$(BUILT_PRODUCTS_DIR)/Debtors-list.app/Debtors-list";
			};
			name = Debug;
		};
		F5F523A027E3A28800FAF539 /* Release */ = {
			isa = XCBuildConfiguration;
			buildSettings = {
				ALWAYS_EMBED_SWIFT_STANDARD_LIBRARIES = YES;
				BUNDLE_LOADER = "$(TEST_HOST)";
				CODE_SIGN_STYLE = Automatic;
				CURRENT_PROJECT_VERSION = 1;
				DEVELOPMENT_TEAM = 9XP4F76DYF;
				GENERATE_INFOPLIST_FILE = YES;
				IPHONEOS_DEPLOYMENT_TARGET = 15.2;
				MARKETING_VERSION = 1.0;
				PRODUCT_BUNDLE_IDENTIFIER = "Vlad-Lytvynets.Debtors-listTests";
				PRODUCT_NAME = "$(TARGET_NAME)";
				SWIFT_EMIT_LOC_STRINGS = NO;
				SWIFT_VERSION = 5.0;
				TARGETED_DEVICE_FAMILY = "1,2";
				TEST_HOST = "$(BUILT_PRODUCTS_DIR)/Debtors-list.app/Debtors-list";
			};
			name = Release;
		};
		F5F523A227E3A28800FAF539 /* Debug */ = {
			isa = XCBuildConfiguration;
			buildSettings = {
				ALWAYS_EMBED_SWIFT_STANDARD_LIBRARIES = YES;
				CODE_SIGN_STYLE = Automatic;
				CURRENT_PROJECT_VERSION = 1;
				DEVELOPMENT_TEAM = 9XP4F76DYF;
				GENERATE_INFOPLIST_FILE = YES;
				MARKETING_VERSION = 1.0;
				PRODUCT_BUNDLE_IDENTIFIER = "Vlad-Lytvynets.Debtors-listUITests";
				PRODUCT_NAME = "$(TARGET_NAME)";
				SWIFT_EMIT_LOC_STRINGS = NO;
				SWIFT_VERSION = 5.0;
				TARGETED_DEVICE_FAMILY = "1,2";
				TEST_TARGET_NAME = "Debtors-list";
			};
			name = Debug;
		};
		F5F523A327E3A28800FAF539 /* Release */ = {
			isa = XCBuildConfiguration;
			buildSettings = {
				ALWAYS_EMBED_SWIFT_STANDARD_LIBRARIES = YES;
				CODE_SIGN_STYLE = Automatic;
				CURRENT_PROJECT_VERSION = 1;
				DEVELOPMENT_TEAM = 9XP4F76DYF;
				GENERATE_INFOPLIST_FILE = YES;
				MARKETING_VERSION = 1.0;
				PRODUCT_BUNDLE_IDENTIFIER = "Vlad-Lytvynets.Debtors-listUITests";
				PRODUCT_NAME = "$(TARGET_NAME)";
				SWIFT_EMIT_LOC_STRINGS = NO;
				SWIFT_VERSION = 5.0;
				TARGETED_DEVICE_FAMILY = "1,2";
				TEST_TARGET_NAME = "Debtors-list";
			};
			name = Release;
		};
/* End XCBuildConfiguration section */

/* Begin XCConfigurationList section */
		F5F5236C27E3A28600FAF539 /* Build configuration list for PBXProject "Debtors-list" */ = {
			isa = XCConfigurationList;
			buildConfigurations = (
				F5F5239927E3A28800FAF539 /* Debug */,
				F5F5239A27E3A28800FAF539 /* Release */,
			);
			defaultConfigurationIsVisible = 0;
			defaultConfigurationName = Release;
		};
		F5F5239B27E3A28800FAF539 /* Build configuration list for PBXNativeTarget "Debtors-list" */ = {
			isa = XCConfigurationList;
			buildConfigurations = (
				F5F5239C27E3A28800FAF539 /* Debug */,
				F5F5239D27E3A28800FAF539 /* Release */,
			);
			defaultConfigurationIsVisible = 0;
			defaultConfigurationName = Release;
		};
		F5F5239E27E3A28800FAF539 /* Build configuration list for PBXNativeTarget "Debtors-listTests" */ = {
			isa = XCConfigurationList;
			buildConfigurations = (
				F5F5239F27E3A28800FAF539 /* Debug */,
				F5F523A027E3A28800FAF539 /* Release */,
			);
			defaultConfigurationIsVisible = 0;
			defaultConfigurationName = Release;
		};
		F5F523A127E3A28800FAF539 /* Build configuration list for PBXNativeTarget "Debtors-listUITests" */ = {
			isa = XCConfigurationList;
			buildConfigurations = (
				F5F523A227E3A28800FAF539 /* Debug */,
				F5F523A327E3A28800FAF539 /* Release */,
			);
			defaultConfigurationIsVisible = 0;
			defaultConfigurationName = Release;
		};
/* End XCConfigurationList section */
	};
	rootObject = F5F5236927E3A28600FAF539 /* Project object */;
}
